// !$*UTF8*$!
{
	archiveVersion = 1;
	classes = {
	};
	objectVersion = 46;
	objects = {

/* Begin PBXBuildFile section */
		796A149016EFD842008E7058 /* main.cpp in Sources */ = {isa = PBXBuildFile; fileRef = 796A148F16EFD842008E7058 /* main.cpp */; };
		796A149216EFD842008E7058 /* SmartPointers.1 in CopyFiles */ = {isa = PBXBuildFile; fileRef = 796A149116EFD842008E7058 /* SmartPointers.1 */; };
/* End PBXBuildFile section */

/* Begin PBXCopyFilesBuildPhase section */
		796A148A16EFD842008E7058 /* CopyFiles */ = {
			isa = PBXCopyFilesBuildPhase;
			buildActionMask = 2147483647;
			dstPath = /usr/share/man/man1/;
			dstSubfolderSpec = 0;
			files = (
				796A149216EFD842008E7058 /* SmartPointers.1 in CopyFiles */,
			);
			runOnlyForDeploymentPostprocessing = 1;
		};
/* End PBXCopyFilesBuildPhase section */

/* Begin PBXFileReference section */
		796A148C16EFD842008E7058 /* SmartPointers */ = {isa = PBXFileReference; explicitFileType = "compiled.mach-o.executable"; includeInIndex = 0; path = SmartPointers; sourceTree = BUILT_PRODUCTS_DIR; };
		796A148F16EFD842008E7058 /* main.cpp */ = {isa = PBXFileReference; lastKnownFileType = sourcecode.cpp.cpp; path = main.cpp; sourceTree = "<group>"; };
		796A149116EFD842008E7058 /* SmartPointers.1 */ = {isa = PBXFileReference; lastKnownFileType = text.man; path = SmartPointers.1; sourceTree = "<group>"; };
		79E73A6816F0FC9E00C68456 /* Pointers.h */ = {isa = PBXFileReference; lastKnownFileType = sourcecode.c.h; path = Pointers.h; sourceTree = "<group>"; };
/* End PBXFileReference section */

/* Begin PBXFrameworksBuildPhase section */
		796A148916EFD842008E7058 /* Frameworks */ = {
			isa = PBXFrameworksBuildPhase;
			buildActionMask = 2147483647;
			files = (
			);
			runOnlyForDeploymentPostprocessing = 0;
		};
/* End PBXFrameworksBuildPhase section */

/* Begin PBXGroup section */
		796A148316EFD842008E7058 = {
			isa = PBXGroup;
			children = (
				796A148E16EFD842008E7058 /* SmartPointers */,
				796A148D16EFD842008E7058 /* Products */,
			);
			sourceTree = "<group>";
		};
		796A148D16EFD842008E7058 /* Products */ = {
			isa = PBXGroup;
			children = (
				796A148C16EFD842008E7058 /* SmartPointers */,
			);
			name = Products;
			sourceTree = "<group>";
		};
		796A148E16EFD842008E7058 /* SmartPointers */ = {
			isa = PBXGroup;
			children = (
				79E73A6816F0FC9E00C68456 /* Pointers.h */,
				796A148F16EFD842008E7058 /* main.cpp */,
				796A149116EFD842008E7058 /* SmartPointers.1 */,
			);
			path = SmartPointers;
			sourceTree = "<group>";
		};
/* End PBXGroup section */

/* Begin PBXNativeTarget section */
		796A148B16EFD842008E7058 /* SmartPointers */ = {
			isa = PBXNativeTarget;
			buildConfigurationList = 796A149516EFD842008E7058 /* Build configuration list for PBXNativeTarget "SmartPointers" */;
			buildPhases = (
				796A148816EFD842008E7058 /* Sources */,
				796A148916EFD842008E7058 /* Frameworks */,
				796A148A16EFD842008E7058 /* CopyFiles */,
			);
			buildRules = (
			);
			dependencies = (
			);
			name = SmartPointers;
			productName = SmartPointers;
			productReference = 796A148C16EFD842008E7058 /* SmartPointers */;
			productType = "com.apple.product-type.tool";
		};
/* End PBXNativeTarget section */

/* Begin PBXProject section */
		796A148416EFD842008E7058 /* Project object */ = {
			isa = PBXProject;
			attributes = {
				LastUpgradeCheck = 0500;
				ORGANIZATIONNAME = littlepretty;
			};
			buildConfigurationList = 796A148716EFD842008E7058 /* Build configuration list for PBXProject "SmartPointers" */;
			compatibilityVersion = "Xcode 3.2";
			developmentRegion = English;
			hasScannedForEncodings = 0;
			knownRegions = (
				en,
			);
			mainGroup = 796A148316EFD842008E7058;
			productRefGroup = 796A148D16EFD842008E7058 /* Products */;
			projectDirPath = "";
			projectRoot = "";
			targets = (
				796A148B16EFD842008E7058 /* SmartPointers */,
			);
		};
/* End PBXProject section */

/* Begin PBXSourcesBuildPhase section */
		796A148816EFD842008E7058 /* Sources */ = {
			isa = PBXSourcesBuildPhase;
			buildActionMask = 2147483647;
			files = (
				796A149016EFD842008E7058 /* main.cpp in Sources */,
			);
			runOnlyForDeploymentPostprocessing = 0;
		};
/* End PBXSourcesBuildPhase section */

/* Begin XCBuildConfiguration section */
		796A149316EFD842008E7058 /* Debug */ = {
			isa = XCBuildConfiguration;
			buildSettings = {
				ALWAYS_SEARCH_USER_PATHS = NO;
				CLANG_CXX_LANGUAGE_STANDARD = "gnu++0x";
				CLANG_CXX_LIBRARY = "libc++";
				CLANG_WARN_CONSTANT_CONVERSION = YES;
				CLANG_WARN_EMPTY_BODY = YES;
				CLANG_WARN_ENUM_CONVERSION = YES;
				CLANG_WARN_INT_CONVERSION = YES;
				CLANG_WARN__DUPLICATE_METHOD_MATCH = YES;
				COPY_PHASE_STRIP = NO;
				GCC_C_LANGUAGE_STANDARD = gnu99;
				GCC_DYNAMIC_NO_PIC = NO;
				GCC_ENABLE_OBJC_EXCEPTIONS = YES;
				GCC_OPTIMIZATION_LEVEL = 0;
				GCC_PREPROCESSOR_DEFINITIONS = (
					"DEBUG=1",
					"$(inherited)",
				);
				GCC_SYMBOLS_PRIVATE_EXTERN = NO;
				GCC_WARN_64_TO_32_BIT_CONVERSION = YES;
				GCC_WARN_ABOUT_RETURN_TYPE = YES;
				GCC_WARN_UNINITIALIZED_AUTOS = YES;
				GCC_WARN_UNUSED_VARIABLE = YES;
				MACOSX_DEPLOYMENT_TARGET = 10.8;
				ONLY_ACTIVE_ARCH = YES;
				SDKROOT = macosx;
			};
			name = Debug;
		};
		796A149416EFD842008E7058 /* Release */ = {
			isa = XCBuildConfiguration;
			buildSettings = {
				ALWAYS_SEARCH_USER_PATHS = NO;
				CLANG_CXX_LANGUAGE_STANDARD = "gnu++0x";
				CLANG_CXX_LIBRARY = "libc++";
				CLANG_WARN_CONSTANT_CONVERSION = YES;
				CLANG_WARN_EMPTY_BODY = YES;
				CLANG_WARN_ENUM_CONVERSION = YES;
				CLANG_WARN_INT_CONVERSION = YES;
				CLANG_WARN__DUPLICATE_METHOD_MATCH = YES;
				COPY_PHASE_STRIP = YES;
				DEBUG_INFORMATION_FORMAT = "dwarf-with-dsym";
				GCC_C_LANGUAGE_STANDARD = gnu99;
				GCC_ENABLE_OBJC_EXCEPTIONS = YES;
				GCC_WARN_64_TO_32_BIT_CONVERSION = YES;
				GCC_WARN_ABOUT_RETURN_TYPE = YES;
				GCC_WARN_UNINITIALIZED_AUTOS = YES;
				GCC_WARN_UNUSED_VARIABLE = YES;
				MACOSX_DEPLOYMENT_TARGET = 10.8;
				SDKROOT = macosx;
			};
			name = Release;
		};
		796A149616EFD842008E7058 /* Debug */ = {
			isa = XCBuildConfiguration;
			buildSettings = {
				PRODUCT_NAME = "$(TARGET_NAME)";
			};
			name = Debug;
		};
		796A149716EFD842008E7058 /* Release */ = {
			isa = XCBuildConfiguration;
			buildSettings = {
				PRODUCT_NAME = "$(TARGET_NAME)";
			};
			name = Release;
		};
/* End XCBuildConfiguration section */

/* Begin XCConfigurationList section */
		796A148716EFD842008E7058 /* Build configuration list for PBXProject "SmartPointers" */ = {
			isa = XCConfigurationList;
			buildConfigurations = (
				796A149316EFD842008E7058 /* Debug */,
				796A149416EFD842008E7058 /* Release */,
			);
			defaultConfigurationIsVisible = 0;
			defaultConfigurationName = Release;
		};
		796A149516EFD842008E7058 /* Build configuration list for PBXNativeTarget "SmartPointers" */ = {
			isa = XCConfigurationList;
			buildConfigurations = (
				796A149616EFD842008E7058 /* Debug */,
				796A149716EFD842008E7058 /* Release */,
			);
			defaultConfigurationIsVisible = 0;
			defaultConfigurationName = Release;
		};
/* End XCConfigurationList section */
	};
	rootObject = 796A148416EFD842008E7058 /* Project object */;
}
